
Microsoft Visual Studio Solution File, Format Version 12.00
# Visual Studio Version 17
VisualStudioVersion = 17.2.32616.157
MinimumVisualStudioVersion = 10.0.40219.1
Project("{FAE04EC0-301F-11D3-BF4B-00C04F79EFBC}") = "MatchGame", "MatchGame\MatchGame.csproj", "{7077AA37-B765-4FF0-BF72-5786AB1B5026}"
EndProject
Global
	GlobalSection(SolutionConfigurationPlatforms) = preSolution
		Debug|Any CPU = Debug|Any CPU
		Release|Any CPU = Release|Any CPU
	EndGlobalSection
	GlobalSection(ProjectConfigurationPlatforms) = postSolution
		{7077AA37-B765-4FF0-BF72-5786AB1B5026}.Debug|Any CPU.ActiveCfg = Debug|Any CPU
		{7077AA37-B765-4FF0-BF72-5786AB1B5026}.Debug|Any CPU.Build.0 = Debug|Any CPU
		{7077AA37-B765-4FF0-BF72-5786AB1B5026}.Release|Any CPU.ActiveCfg = Release|Any CPU
		{7077AA37-B765-4FF0-BF72-5786AB1B5026}.Release|Any CPU.Build.0 = Release|Any CPU
	EndGlobalSection
	GlobalSection(SolutionProperties) = preSolution
		HideSolutionNode = FALSE
	EndGlobalSection
	GlobalSection(ExtensibilityGlobals) = postSolution
		SolutionGuid = {52BFF8F9-09CD-4107-8EDE-6413A61004D9}
	EndGlobalSection
EndGlobal
